// !$*UTF8*$!
{
	archiveVersion = 1;
	classes = {
	};
	objectVersion = 56;
	objects = {

/* Begin PBXBuildFile section */
		2688F3ED2CFB5D8C007A9C24 /* VideoService.swift in Sources */ = {isa = PBXBuildFile; fileRef = 2688F3EC2CFB5D7E007A9C24 /* VideoService.swift */; };
		26D0A3BF2CFC2ECC00E01A52 /* Pods_U_watch.framework in Frameworks */ = {isa = PBXBuildFile; fileRef = AE2362D480D04060C248D7D3 /* Pods_U_watch.framework */; };
		26D0A3C02CFC2ECC00E01A52 /* Pods_U_watch.framework in Embed Frameworks */ = {isa = PBXBuildFile; fileRef = AE2362D480D04060C248D7D3 /* Pods_U_watch.framework */; settings = {ATTRIBUTES = (CodeSignOnCopy, RemoveHeadersOnCopy, ); }; };
		26F4F5492CF9B9B200B5D215 /* VideoViewController.swift in Sources */ = {isa = PBXBuildFile; fileRef = 26F4F5482CF9B9B200B5D215 /* VideoViewController.swift */; };
		26F4F54B2CF9CDE200B5D215 /* VideoTableViewCell.swift in Sources */ = {isa = PBXBuildFile; fileRef = 26F4F54A2CF9CDD400B5D215 /* VideoTableViewCell.swift */; };
		26F4F54E2CF9D77200B5D215 /* SDWebImage in Frameworks */ = {isa = PBXBuildFile; productRef = 26F4F54D2CF9D77200B5D215 /* SDWebImage */; };
		26F4F5502CF9D77200B5D215 /* SDWebImageMapKit in Frameworks */ = {isa = PBXBuildFile; productRef = 26F4F54F2CF9D77200B5D215 /* SDWebImageMapKit */; };
		26F4F5522CF9D8E400B5D215 /* Video.swift in Sources */ = {isa = PBXBuildFile; fileRef = 26F4F5512CF9D8DF00B5D215 /* Video.swift */; };
		26F4F5572CF9EB1900B5D215 /* AnalyzeButton.swift in Sources */ = {isa = PBXBuildFile; fileRef = 26F4F5562CF9EB1900B5D215 /* AnalyzeButton.swift */; };
		E7F53FB22CB5B92300FD76B0 /* AppDelegate.swift in Sources */ = {isa = PBXBuildFile; fileRef = E7F53FB12CB5B92300FD76B0 /* AppDelegate.swift */; };
		E7F53FB42CB5B92300FD76B0 /* SceneDelegate.swift in Sources */ = {isa = PBXBuildFile; fileRef = E7F53FB32CB5B92300FD76B0 /* SceneDelegate.swift */; };
		E7F53FB62CB5B92300FD76B0 /* ViewController.swift in Sources */ = {isa = PBXBuildFile; fileRef = E7F53FB52CB5B92300FD76B0 /* ViewController.swift */; };
		E7F53FB92CB5B92300FD76B0 /* Base in Resources */ = {isa = PBXBuildFile; fileRef = E7F53FB82CB5B92300FD76B0 /* Base */; };
		E7F53FBB2CB5B92400FD76B0 /* Assets.xcassets in Resources */ = {isa = PBXBuildFile; fileRef = E7F53FBA2CB5B92400FD76B0 /* Assets.xcassets */; };
		E7F53FBE2CB5B92400FD76B0 /* Base in Resources */ = {isa = PBXBuildFile; fileRef = E7F53FBD2CB5B92400FD76B0 /* Base */; };
/* End PBXBuildFile section */

/* Begin PBXCopyFilesBuildPhase section */
		26D0A3C12CFC2ECC00E01A52 /* Embed Frameworks */ = {
			isa = PBXCopyFilesBuildPhase;
			buildActionMask = 2147483647;
			dstPath = "";
			dstSubfolderSpec = 10;
			files = (
				26D0A3C02CFC2ECC00E01A52 /* Pods_U_watch.framework in Embed Frameworks */,
			);
			name = "Embed Frameworks";
			runOnlyForDeploymentPostprocessing = 0;
		};
/* End PBXCopyFilesBuildPhase section */

/* Begin PBXFileReference section */
		094656F3650C11AE7668030B /* Pods-U-watch.release.xcconfig */ = {isa = PBXFileReference; includeInIndex = 1; lastKnownFileType = text.xcconfig; name = "Pods-U-watch.release.xcconfig"; path = "Target Support Files/Pods-U-watch/Pods-U-watch.release.xcconfig"; sourceTree = "<group>"; };
		2688F3EC2CFB5D7E007A9C24 /* VideoService.swift */ = {isa = PBXFileReference; lastKnownFileType = sourcecode.swift; path = VideoService.swift; sourceTree = "<group>"; };
		26F4F5482CF9B9B200B5D215 /* VideoViewController.swift */ = {isa = PBXFileReference; lastKnownFileType = sourcecode.swift; path = VideoViewController.swift; sourceTree = "<group>"; };
		26F4F54A2CF9CDD400B5D215 /* VideoTableViewCell.swift */ = {isa = PBXFileReference; lastKnownFileType = sourcecode.swift; path = VideoTableViewCell.swift; sourceTree = "<group>"; };
		26F4F5512CF9D8DF00B5D215 /* Video.swift */ = {isa = PBXFileReference; lastKnownFileType = sourcecode.swift; path = Video.swift; sourceTree = "<group>"; };
		26F4F5562CF9EB1900B5D215 /* AnalyzeButton.swift */ = {isa = PBXFileReference; lastKnownFileType = sourcecode.swift; path = AnalyzeButton.swift; sourceTree = "<group>"; };
		AE2362D480D04060C248D7D3 /* Pods_U_watch.framework */ = {isa = PBXFileReference; explicitFileType = wrapper.framework; includeInIndex = 0; path = Pods_U_watch.framework; sourceTree = BUILT_PRODUCTS_DIR; };
		E7F53FAE2CB5B92300FD76B0 /* U-watch.app */ = {isa = PBXFileReference; explicitFileType = wrapper.application; includeInIndex = 0; path = "U-watch.app"; sourceTree = BUILT_PRODUCTS_DIR; };
		E7F53FB12CB5B92300FD76B0 /* AppDelegate.swift */ = {isa = PBXFileReference; lastKnownFileType = sourcecode.swift; path = AppDelegate.swift; sourceTree = "<group>"; };
		E7F53FB32CB5B92300FD76B0 /* SceneDelegate.swift */ = {isa = PBXFileReference; lastKnownFileType = sourcecode.swift; path = SceneDelegate.swift; sourceTree = "<group>"; };
		E7F53FB52CB5B92300FD76B0 /* ViewController.swift */ = {isa = PBXFileReference; lastKnownFileType = sourcecode.swift; path = ViewController.swift; sourceTree = "<group>"; };
		E7F53FB82CB5B92300FD76B0 /* Base */ = {isa = PBXFileReference; lastKnownFileType = file.storyboard; name = Base; path = Base.lproj/Main.storyboard; sourceTree = "<group>"; };
		E7F53FBA2CB5B92400FD76B0 /* Assets.xcassets */ = {isa = PBXFileReference; lastKnownFileType = folder.assetcatalog; path = Assets.xcassets; sourceTree = "<group>"; };
		E7F53FBD2CB5B92400FD76B0 /* Base */ = {isa = PBXFileReference; lastKnownFileType = file.storyboard; name = Base; path = Base.lproj/LaunchScreen.storyboard; sourceTree = "<group>"; };
		E7F53FBF2CB5B92400FD76B0 /* Info.plist */ = {isa = PBXFileReference; lastKnownFileType = text.plist.xml; path = Info.plist; sourceTree = "<group>"; };
		FB07151C3CF4BBAA7ADC67CA /* Pods-U-watch.debug.xcconfig */ = {isa = PBXFileReference; includeInIndex = 1; lastKnownFileType = text.xcconfig; name = "Pods-U-watch.debug.xcconfig"; path = "Target Support Files/Pods-U-watch/Pods-U-watch.debug.xcconfig"; sourceTree = "<group>"; };
/* End PBXFileReference section */

/* Begin PBXFrameworksBuildPhase section */
		E7F53FAB2CB5B92300FD76B0 /* Frameworks */ = {
			isa = PBXFrameworksBuildPhase;
			buildActionMask = 2147483647;
			files = (
				26D0A3BF2CFC2ECC00E01A52 /* Pods_U_watch.framework in Frameworks */,
				26F4F5502CF9D77200B5D215 /* SDWebImageMapKit in Frameworks */,
				26F4F54E2CF9D77200B5D215 /* SDWebImage in Frameworks */,
			);
			runOnlyForDeploymentPostprocessing = 0;
		};
/* End PBXFrameworksBuildPhase section */

/* Begin PBXGroup section */
		2688F3EB2CFB5D71007A9C24 /* Services */ = {
			isa = PBXGroup;
			children = (
				2688F3EC2CFB5D7E007A9C24 /* VideoService.swift */,
			);
			path = Services;
			sourceTree = "<group>";
		};
		26F4F5532CF9EA2400B5D215 /* Views */ = {
			isa = PBXGroup;
			children = (
				26F4F54A2CF9CDD400B5D215 /* VideoTableViewCell.swift */,
				26F4F5562CF9EB1900B5D215 /* AnalyzeButton.swift */,
			);
			path = Views;
			sourceTree = "<group>";
		};
		26F4F5542CF9EA5400B5D215 /* Controllers */ = {
			isa = PBXGroup;
			children = (
				E7F53FB52CB5B92300FD76B0 /* ViewController.swift */,
				26F4F5482CF9B9B200B5D215 /* VideoViewController.swift */,
			);
			path = Controllers;
			sourceTree = "<group>";
		};
		26F4F5552CF9EA7100B5D215 /* Models */ = {
			isa = PBXGroup;
			children = (
				26F4F5512CF9D8DF00B5D215 /* Video.swift */,
			);
			path = Models;
			sourceTree = "<group>";
		};
		3505A83C2C61C23443BF1049 /* Frameworks */ = {
			isa = PBXGroup;
			children = (
				AE2362D480D04060C248D7D3 /* Pods_U_watch.framework */,
			);
			name = Frameworks;
			sourceTree = "<group>";
		};
		E7F53FA52CB5B92300FD76B0 = {
			isa = PBXGroup;
			children = (
				E7F53FB02CB5B92300FD76B0 /* U-watch */,
				E7F53FAF2CB5B92300FD76B0 /* Products */,
				F52B2B4C675F58485A5020EA /* Pods */,
				3505A83C2C61C23443BF1049 /* Frameworks */,
			);
			sourceTree = "<group>";
		};
		E7F53FAF2CB5B92300FD76B0 /* Products */ = {
			isa = PBXGroup;
			children = (
				E7F53FAE2CB5B92300FD76B0 /* U-watch.app */,
			);
			name = Products;
			sourceTree = "<group>";
		};
		E7F53FB02CB5B92300FD76B0 /* U-watch */ = {
			isa = PBXGroup;
			children = (
				2688F3EB2CFB5D71007A9C24 /* Services */,
				26F4F5552CF9EA7100B5D215 /* Models */,
				26F4F5542CF9EA5400B5D215 /* Controllers */,
				26F4F5532CF9EA2400B5D215 /* Views */,
				E7F53FB12CB5B92300FD76B0 /* AppDelegate.swift */,
				E7F53FB32CB5B92300FD76B0 /* SceneDelegate.swift */,
				E7F53FB72CB5B92300FD76B0 /* Main.storyboard */,
				E7F53FBA2CB5B92400FD76B0 /* Assets.xcassets */,
				E7F53FBC2CB5B92400FD76B0 /* LaunchScreen.storyboard */,
				E7F53FBF2CB5B92400FD76B0 /* Info.plist */,
			);
			path = "U-watch";
			sourceTree = "<group>";
		};
		F52B2B4C675F58485A5020EA /* Pods */ = {
			isa = PBXGroup;
			children = (
				FB07151C3CF4BBAA7ADC67CA /* Pods-U-watch.debug.xcconfig */,
				094656F3650C11AE7668030B /* Pods-U-watch.release.xcconfig */,
			);
			path = Pods;
			sourceTree = "<group>";
		};
/* End PBXGroup section */

/* Begin PBXNativeTarget section */
		E7F53FAD2CB5B92300FD76B0 /* U-watch */ = {
			isa = PBXNativeTarget;
			buildConfigurationList = E7F53FC22CB5B92400FD76B0 /* Build configuration list for PBXNativeTarget "U-watch" */;
			buildPhases = (
				C71C19B14336C399FE1F808E /* [CP] Check Pods Manifest.lock */,
				E7F53FAA2CB5B92300FD76B0 /* Sources */,
				E7F53FAB2CB5B92300FD76B0 /* Frameworks */,
				E7F53FAC2CB5B92300FD76B0 /* Resources */,
				9F786BCE68819E483F997C79 /* [CP] Embed Pods Frameworks */,
				26D0A3C12CFC2ECC00E01A52 /* Embed Frameworks */,
			);
			buildRules = (
			);
			dependencies = (
			);
			name = "U-watch";
			productName = "U-watch";
			productReference = E7F53FAE2CB5B92300FD76B0 /* U-watch.app */;
			productType = "com.apple.product-type.application";
		};
/* End PBXNativeTarget section */

/* Begin PBXProject section */
		E7F53FA62CB5B92300FD76B0 /* Project object */ = {
			isa = PBXProject;
			attributes = {
				BuildIndependentTargetsInParallel = 1;
				LastSwiftUpdateCheck = 1540;
				LastUpgradeCheck = 1540;
				TargetAttributes = {
					E7F53FAD2CB5B92300FD76B0 = {
						CreatedOnToolsVersion = 15.4;
					};
				};
			};
			buildConfigurationList = E7F53FA92CB5B92300FD76B0 /* Build configuration list for PBXProject "U-watch" */;
			compatibilityVersion = "Xcode 14.0";
			developmentRegion = en;
			hasScannedForEncodings = 0;
			knownRegions = (
				en,
				Base,
			);
			mainGroup = E7F53FA52CB5B92300FD76B0;
			packageReferences = (
				26F4F54C2CF9D77200B5D215 /* XCRemoteSwiftPackageReference "SDWebImage" */,
			);
			productRefGroup = E7F53FAF2CB5B92300FD76B0 /* Products */;
			projectDirPath = "";
			projectRoot = "";
			targets = (
				E7F53FAD2CB5B92300FD76B0 /* U-watch */,
			);
		};
/* End PBXProject section */

/* Begin PBXResourcesBuildPhase section */
		E7F53FAC2CB5B92300FD76B0 /* Resources */ = {
			isa = PBXResourcesBuildPhase;
			buildActionMask = 2147483647;
			files = (
				E7F53FBB2CB5B92400FD76B0 /* Assets.xcassets in Resources */,
				E7F53FBE2CB5B92400FD76B0 /* Base in Resources */,
				E7F53FB92CB5B92300FD76B0 /* Base in Resources */,
			);
			runOnlyForDeploymentPostprocessing = 0;
		};
/* End PBXResourcesBuildPhase section */

/* Begin PBXShellScriptBuildPhase section */
		9F786BCE68819E483F997C79 /* [CP] Embed Pods Frameworks */ = {
			isa = PBXShellScriptBuildPhase;
			buildActionMask = 2147483647;
			files = (
			);
			inputFileListPaths = (
				"${PODS_ROOT}/Target Support Files/Pods-U-watch/Pods-U-watch-frameworks-${CONFIGURATION}-input-files.xcfilelist",
			);
			name = "[CP] Embed Pods Frameworks";
			outputFileListPaths = (
				"${PODS_ROOT}/Target Support Files/Pods-U-watch/Pods-U-watch-frameworks-${CONFIGURATION}-output-files.xcfilelist",
			);
			runOnlyForDeploymentPostprocessing = 0;
			shellPath = /bin/sh;
			shellScript = "\"${PODS_ROOT}/Target Support Files/Pods-U-watch/Pods-U-watch-frameworks.sh\"\n";
			showEnvVarsInLog = 0;
		};
		C71C19B14336C399FE1F808E /* [CP] Check Pods Manifest.lock */ = {
			isa = PBXShellScriptBuildPhase;
			buildActionMask = 2147483647;
			files = (
			);
			inputFileListPaths = (
			);
			inputPaths = (
				"${PODS_PODFILE_DIR_PATH}/Podfile.lock",
				"${PODS_ROOT}/Manifest.lock",
			);
			name = "[CP] Check Pods Manifest.lock";
			outputFileListPaths = (
			);
			outputPaths = (
				"$(DERIVED_FILE_DIR)/Pods-U-watch-checkManifestLockResult.txt",
			);
			runOnlyForDeploymentPostprocessing = 0;
			shellPath = /bin/sh;
			shellScript = "diff \"${PODS_PODFILE_DIR_PATH}/Podfile.lock\" \"${PODS_ROOT}/Manifest.lock\" > /dev/null\nif [ $? != 0 ] ; then\n    # print error to STDERR\n    echo \"error: The sandbox is not in sync with the Podfile.lock. Run 'pod install' or update your CocoaPods installation.\" >&2\n    exit 1\nfi\n# This output is used by Xcode 'outputs' to avoid re-running this script phase.\necho \"SUCCESS\" > \"${SCRIPT_OUTPUT_FILE_0}\"\n";
			showEnvVarsInLog = 0;
		};
/* End PBXShellScriptBuildPhase section */

/* Begin PBXSourcesBuildPhase section */
		E7F53FAA2CB5B92300FD76B0 /* Sources */ = {
			isa = PBXSourcesBuildPhase;
			buildActionMask = 2147483647;
			files = (
				E7F53FB62CB5B92300FD76B0 /* ViewController.swift in Sources */,
				26F4F5522CF9D8E400B5D215 /* Video.swift in Sources */,
				26F4F54B2CF9CDE200B5D215 /* VideoTableViewCell.swift in Sources */,
				26F4F5572CF9EB1900B5D215 /* AnalyzeButton.swift in Sources */,
				E7F53FB22CB5B92300FD76B0 /* AppDelegate.swift in Sources */,
				2688F3ED2CFB5D8C007A9C24 /* VideoService.swift in Sources */,
				26F4F5492CF9B9B200B5D215 /* VideoViewController.swift in Sources */,
				E7F53FB42CB5B92300FD76B0 /* SceneDelegate.swift in Sources */,
			);
			runOnlyForDeploymentPostprocessing = 0;
		};
/* End PBXSourcesBuildPhase section */

/* Begin PBXVariantGroup section */
		E7F53FB72CB5B92300FD76B0 /* Main.storyboard */ = {
			isa = PBXVariantGroup;
			children = (
				E7F53FB82CB5B92300FD76B0 /* Base */,
			);
			name = Main.storyboard;
			sourceTree = "<group>";
		};
		E7F53FBC2CB5B92400FD76B0 /* LaunchScreen.storyboard */ = {
			isa = PBXVariantGroup;
			children = (
				E7F53FBD2CB5B92400FD76B0 /* Base */,
			);
			name = LaunchScreen.storyboard;
			sourceTree = "<group>";
		};
/* End PBXVariantGroup section */

/* Begin XCBuildConfiguration section */
		E7F53FC02CB5B92400FD76B0 /* Debug */ = {
			isa = XCBuildConfiguration;
			buildSettings = {
				ALWAYS_SEARCH_USER_PATHS = NO;
				ASSETCATALOG_COMPILER_GENERATE_SWIFT_ASSET_SYMBOL_EXTENSIONS = YES;
				CLANG_ANALYZER_NONNULL = YES;
				CLANG_ANALYZER_NUMBER_OBJECT_CONVERSION = YES_AGGRESSIVE;
				CLANG_CXX_LANGUAGE_STANDARD = "gnu++20";
				CLANG_ENABLE_MODULES = YES;
				CLANG_ENABLE_OBJC_ARC = YES;
				CLANG_ENABLE_OBJC_WEAK = YES;
				CLANG_WARN_BLOCK_CAPTURE_AUTORELEASING = YES;
				CLANG_WARN_BOOL_CONVERSION = YES;
				CLANG_WARN_COMMA = YES;
				CLANG_WARN_CONSTANT_CONVERSION = YES;
				CLANG_WARN_DEPRECATED_OBJC_IMPLEMENTATIONS = YES;
				CLANG_WARN_DIRECT_OBJC_ISA_USAGE = YES_ERROR;
				CLANG_WARN_DOCUMENTATION_COMMENTS = YES;
				CLANG_WARN_EMPTY_BODY = YES;
				CLANG_WARN_ENUM_CONVERSION = YES;
				CLANG_WARN_INFINITE_RECURSION = YES;
				CLANG_WARN_INT_CONVERSION = YES;
				CLANG_WARN_NON_LITERAL_NULL_CONVERSION = YES;
				CLANG_WARN_OBJC_IMPLICIT_RETAIN_SELF = YES;
				CLANG_WARN_OBJC_LITERAL_CONVERSION = YES;
				CLANG_WARN_OBJC_ROOT_CLASS = YES_ERROR;
				CLANG_WARN_QUOTED_INCLUDE_IN_FRAMEWORK_HEADER = YES;
				CLANG_WARN_RANGE_LOOP_ANALYSIS = YES;
				CLANG_WARN_STRICT_PROTOTYPES = YES;
				CLANG_WARN_SUSPICIOUS_MOVE = YES;
				CLANG_WARN_UNGUARDED_AVAILABILITY = YES_AGGRESSIVE;
				CLANG_WARN_UNREACHABLE_CODE = YES;
				CLANG_WARN__DUPLICATE_METHOD_MATCH = YES;
				COPY_PHASE_STRIP = NO;
				DEBUG_INFORMATION_FORMAT = dwarf;
				ENABLE_STRICT_OBJC_MSGSEND = YES;
				ENABLE_TESTABILITY = YES;
				ENABLE_USER_SCRIPT_SANDBOXING = YES;
				GCC_C_LANGUAGE_STANDARD = gnu17;
				GCC_DYNAMIC_NO_PIC = NO;
				GCC_NO_COMMON_BLOCKS = YES;
				GCC_OPTIMIZATION_LEVEL = 0;
				GCC_PREPROCESSOR_DEFINITIONS = (
					"DEBUG=1",
					"$(inherited)",
				);
				GCC_WARN_64_TO_32_BIT_CONVERSION = YES;
				GCC_WARN_ABOUT_RETURN_TYPE = YES_ERROR;
				GCC_WARN_UNDECLARED_SELECTOR = YES;
				GCC_WARN_UNINITIALIZED_AUTOS = YES_AGGRESSIVE;
				GCC_WARN_UNUSED_FUNCTION = YES;
				GCC_WARN_UNUSED_VARIABLE = YES;
				IPHONEOS_DEPLOYMENT_TARGET = 17.5;
				LOCALIZATION_PREFERS_STRING_CATALOGS = YES;
				MTL_ENABLE_DEBUG_INFO = INCLUDE_SOURCE;
				MTL_FAST_MATH = YES;
				ONLY_ACTIVE_ARCH = YES;
				SDKROOT = iphoneos;
				SWIFT_ACTIVE_COMPILATION_CONDITIONS = "DEBUG $(inherited)";
				SWIFT_OPTIMIZATION_LEVEL = "-Onone";
			};
			name = Debug;
		};
		E7F53FC12CB5B92400FD76B0 /* Release */ = {
			isa = XCBuildConfiguration;
			buildSettings = {
				ALWAYS_SEARCH_USER_PATHS = NO;
				ASSETCATALOG_COMPILER_GENERATE_SWIFT_ASSET_SYMBOL_EXTENSIONS = YES;
				CLANG_ANALYZER_NONNULL = YES;
				CLANG_ANALYZER_NUMBER_OBJECT_CONVERSION = YES_AGGRESSIVE;
				CLANG_CXX_LANGUAGE_STANDARD = "gnu++20";
				CLANG_ENABLE_MODULES = YES;
				CLANG_ENABLE_OBJC_ARC = YES;
				CLANG_ENABLE_OBJC_WEAK = YES;
				CLANG_WARN_BLOCK_CAPTURE_AUTORELEASING = YES;
				CLANG_WARN_BOOL_CONVERSION = YES;
				CLANG_WARN_COMMA = YES;
				CLANG_WARN_CONSTANT_CONVERSION = YES;
				CLANG_WARN_DEPRECATED_OBJC_IMPLEMENTATIONS = YES;
				CLANG_WARN_DIRECT_OBJC_ISA_USAGE = YES_ERROR;
				CLANG_WARN_DOCUMENTATION_COMMENTS = YES;
				CLANG_WARN_EMPTY_BODY = YES;
				CLANG_WARN_ENUM_CONVERSION = YES;
				CLANG_WARN_INFINITE_RECURSION = YES;
				CLANG_WARN_INT_CONVERSION = YES;
				CLANG_WARN_NON_LITERAL_NULL_CONVERSION = YES;
				CLANG_WARN_OBJC_IMPLICIT_RETAIN_SELF = YES;
				CLANG_WARN_OBJC_LITERAL_CONVERSION = YES;
				CLANG_WARN_OBJC_ROOT_CLASS = YES_ERROR;
				CLANG_WARN_QUOTED_INCLUDE_IN_FRAMEWORK_HEADER = YES;
				CLANG_WARN_RANGE_LOOP_ANALYSIS = YES;
				CLANG_WARN_STRICT_PROTOTYPES = YES;
				CLANG_WARN_SUSPICIOUS_MOVE = YES;
				CLANG_WARN_UNGUARDED_AVAILABILITY = YES_AGGRESSIVE;
				CLANG_WARN_UNREACHABLE_CODE = YES;
				CLANG_WARN__DUPLICATE_METHOD_MATCH = YES;
				COPY_PHASE_STRIP = NO;
				DEBUG_INFORMATION_FORMAT = "dwarf-with-dsym";
				ENABLE_NS_ASSERTIONS = NO;
				ENABLE_STRICT_OBJC_MSGSEND = YES;
				ENABLE_USER_SCRIPT_SANDBOXING = YES;
				GCC_C_LANGUAGE_STANDARD = gnu17;
				GCC_NO_COMMON_BLOCKS = YES;
				GCC_WARN_64_TO_32_BIT_CONVERSION = YES;
				GCC_WARN_ABOUT_RETURN_TYPE = YES_ERROR;
				GCC_WARN_UNDECLARED_SELECTOR = YES;
				GCC_WARN_UNINITIALIZED_AUTOS = YES_AGGRESSIVE;
				GCC_WARN_UNUSED_FUNCTION = YES;
				GCC_WARN_UNUSED_VARIABLE = YES;
				IPHONEOS_DEPLOYMENT_TARGET = 17.5;
				LOCALIZATION_PREFERS_STRING_CATALOGS = YES;
				MTL_ENABLE_DEBUG_INFO = NO;
				MTL_FAST_MATH = YES;
				SDKROOT = iphoneos;
				SWIFT_COMPILATION_MODE = wholemodule;
				VALIDATE_PRODUCT = YES;
			};
			name = Release;
		};
		E7F53FC32CB5B92400FD76B0 /* Debug */ = {
			isa = XCBuildConfiguration;
			baseConfigurationReference = FB07151C3CF4BBAA7ADC67CA /* Pods-U-watch.debug.xcconfig */;
			buildSettings = {
				ASSETCATALOG_COMPILER_APPICON_NAME = AppIcon;
				ASSETCATALOG_COMPILER_GLOBAL_ACCENT_COLOR_NAME = AccentColor;
				CODE_SIGN_STYLE = Automatic;
				CURRENT_PROJECT_VERSION = 1;
				DEVELOPMENT_TEAM = WAD38SLT2Y;
				ENABLE_USER_SCRIPT_SANDBOXING = NO;
				GENERATE_INFOPLIST_FILE = YES;
				INFOPLIST_FILE = "U-watch/Info.plist";
				INFOPLIST_KEY_UIApplicationSupportsIndirectInputEvents = YES;
				INFOPLIST_KEY_UILaunchStoryboardName = LaunchScreen;
				INFOPLIST_KEY_UIMainStoryboardFile = Main;
				INFOPLIST_KEY_UISupportedInterfaceOrientations_iPad = "UIInterfaceOrientationPortrait UIInterfaceOrientationPortraitUpsideDown UIInterfaceOrientationLandscapeLeft UIInterfaceOrientationLandscapeRight";
				INFOPLIST_KEY_UISupportedInterfaceOrientations_iPhone = "UIInterfaceOrientationPortrait UIInterfaceOrientationLandscapeLeft UIInterfaceOrientationLandscapeRight";
				IPHONEOS_DEPLOYMENT_TARGET = 16.0;
				LD_RUNPATH_SEARCH_PATHS = (
					"$(inherited)",
					"@executable_path/Frameworks",
				);
				MARKETING_VERSION = 1.0;
				PRODUCT_BUNDLE_IDENTIFIER = "Gteam1.U-watch";
				PRODUCT_NAME = "$(TARGET_NAME)";
				SWIFT_EMIT_LOC_STRINGS = YES;
				SWIFT_VERSION = 5.0;
				TARGETED_DEVICE_FAMILY = "1,2";
			};
			name = Debug;
		};
		E7F53FC42CB5B92400FD76B0 /* Release */ = {
			isa = XCBuildConfiguration;
			baseConfigurationReference = 094656F3650C11AE7668030B /* Pods-U-watch.release.xcconfig */;
			buildSettings = {
				ASSETCATALOG_COMPILER_APPICON_NAME = AppIcon;
				ASSETCATALOG_COMPILER_GLOBAL_ACCENT_COLOR_NAME = AccentColor;
				CODE_SIGN_STYLE = Automatic;
				CURRENT_PROJECT_VERSION = 1;
				DEVELOPMENT_TEAM = WAD38SLT2Y;
				ENABLE_USER_SCRIPT_SANDBOXING = NO;
				GENERATE_INFOPLIST_FILE = YES;
				INFOPLIST_FILE = "U-watch/Info.plist";
				INFOPLIST_KEY_UIApplicationSupportsIndirectInputEvents = YES;
				INFOPLIST_KEY_UILaunchStoryboardName = LaunchScreen;
				INFOPLIST_KEY_UIMainStoryboardFile = Main;
				INFOPLIST_KEY_UISupportedInterfaceOrientations_iPad = "UIInterfaceOrientationPortrait UIInterfaceOrientationPortraitUpsideDown UIInterfaceOrientationLandscapeLeft UIInterfaceOrientationLandscapeRight";
				INFOPLIST_KEY_UISupportedInterfaceOrientations_iPhone = "UIInterfaceOrientationPortrait UIInterfaceOrientationLandscapeLeft UIInterfaceOrientationLandscapeRight";
				IPHONEOS_DEPLOYMENT_TARGET = 16.0;
				LD_RUNPATH_SEARCH_PATHS = (
					"$(inherited)",
					"@executable_path/Frameworks",
				);
				MARKETING_VERSION = 1.0;
				PRODUCT_BUNDLE_IDENTIFIER = "Gteam1.U-watch";
				PRODUCT_NAME = "$(TARGET_NAME)";
				SWIFT_EMIT_LOC_STRINGS = YES;
				SWIFT_VERSION = 5.0;
				TARGETED_DEVICE_FAMILY = "1,2";
			};
			name = Release;
		};
/* End XCBuildConfiguration section */

/* Begin XCConfigurationList section */
		E7F53FA92CB5B92300FD76B0 /* Build configuration list for PBXProject "U-watch" */ = {
			isa = XCConfigurationList;
			buildConfigurations = (
				E7F53FC02CB5B92400FD76B0 /* Debug */,
				E7F53FC12CB5B92400FD76B0 /* Release */,
			);
			defaultConfigurationIsVisible = 0;
			defaultConfigurationName = Release;
		};
		E7F53FC22CB5B92400FD76B0 /* Build configuration list for PBXNativeTarget "U-watch" */ = {
			isa = XCConfigurationList;
			buildConfigurations = (
				E7F53FC32CB5B92400FD76B0 /* Debug */,
				E7F53FC42CB5B92400FD76B0 /* Release */,
			);
			defaultConfigurationIsVisible = 0;
			defaultConfigurationName = Release;
		};
/* End XCConfigurationList section */

/* Begin XCRemoteSwiftPackageReference section */
		26F4F54C2CF9D77200B5D215 /* XCRemoteSwiftPackageReference "SDWebImage" */ = {
			isa = XCRemoteSwiftPackageReference;
			repositoryURL = "https://github.com/SDWebImage/SDWebImage";
			requirement = {
				kind = upToNextMajorVersion;
				minimumVersion = 5.20.0;
			};
		};
/* End XCRemoteSwiftPackageReference section */

/* Begin XCSwiftPackageProductDependency section */
		26F4F54D2CF9D77200B5D215 /* SDWebImage */ = {
			isa = XCSwiftPackageProductDependency;
			package = 26F4F54C2CF9D77200B5D215 /* XCRemoteSwiftPackageReference "SDWebImage" */;
			productName = SDWebImage;
		};
		26F4F54F2CF9D77200B5D215 /* SDWebImageMapKit */ = {
			isa = XCSwiftPackageProductDependency;
			package = 26F4F54C2CF9D77200B5D215 /* XCRemoteSwiftPackageReference "SDWebImage" */;
			productName = SDWebImageMapKit;
		};
/* End XCSwiftPackageProductDependency section */
	};
	rootObject = E7F53FA62CB5B92300FD76B0 /* Project object */;
}
